
Microsoft Visual Studio Solution File, Format Version 12.00
Project("{2150E333-8FDC-42A3-9474-1A3956D46DE8}") = "Core", "Core", "{DDCFCB24-23D0-4E13-BF17-790BD086B7F2}"
EndProject
Project("{FAE04EC0-301F-11D3-BF4B-00C04F79EFBC}") = "Core", "Core\Core\Core.csproj", "{2B183898-5CCF-4751-A5F5-40533AF5E88B}"
EndProject
Project("{FAE04EC0-301F-11D3-BF4B-00C04F79EFBC}") = "Tests", "Tests\Tests.csproj", "{380CB914-3B71-46A0-B14F-FF936A7FCF16}"
EndProject
Project("{2150E333-8FDC-42A3-9474-1A3956D46DE8}") = "Infrastructure", "Infrastructure", "{F3A52BAB-BDFB-432B-940B-9CFBD752DA8E}"
EndProject
Project("{2150E333-8FDC-42A3-9474-1A3956D46DE8}") = "Services", "Services", "{3FC16924-68A6-4CDA-9961-0B0F589E671E}"
EndProject
Project("{2150E333-8FDC-42A3-9474-1A3956D46DE8}") = "Main", "Main", "{C5111875-1112-406F-B3D1-EC119DBB23F6}"
EndProject
Project("{2150E333-8FDC-42A3-9474-1A3956D46DE8}") = "Analytics", "Analytics", "{06BE88A9-99AA-4C93-8775-B459345D8C67}"
EndProject
Project("{2150E333-8FDC-42A3-9474-1A3956D46DE8}") = "Solution Items", "Solution Items", "{120B2DB5-CC15-4A96-B757-B401B556F366}"
	ProjectSection(SolutionItems) = preProject
		compose.yaml = compose.yaml
	EndProjectSection
EndProject
Project("{FAE04EC0-301F-11D3-BF4B-00C04F79EFBC}") = "Api.Common", "Services\Api.Common\Api.Common.csproj", "{C5418DE7-F8BD-4427-A931-BB723B508E9C}"
EndProject
Project("{FAE04EC0-301F-11D3-BF4B-00C04F79EFBC}") = "Application.Common", "Services\Application.Common\Application.Common.csproj", "{FBDFE057-321E-409C-920E-D397A5C5620C}"
EndProject
Project("{FAE04EC0-301F-11D3-BF4B-00C04F79EFBC}") = "Exceptions", "Core\Exceptions\Exceptions.csproj", "{1287DC30-8384-4893-9404-99BF91D44C77}"
EndProject
Project("{FAE04EC0-301F-11D3-BF4B-00C04F79EFBC}") = "Common", "Infrastructure\Common\Common.csproj", "{0C292C8F-BEEB-4432-8B69-7C371D9D9807}"
EndProject
Project("{FAE04EC0-301F-11D3-BF4B-00C04F79EFBC}") = "Integrations", "Infrastructure\Integrations\Integrations.csproj", "{437EFAB9-8B12-42E1-9D0B-8FEE6F5029ED}"
EndProject
Project("{FAE04EC0-301F-11D3-BF4B-00C04F79EFBC}") = "Mail", "Infrastructure\Mail\Mail.csproj", "{21256B94-6760-48DC-A1D0-E3B538AF7712}"
EndProject
Project("{FAE04EC0-301F-11D3-BF4B-00C04F79EFBC}") = "Persistence", "Infrastructure\Persistence\Persistence.csproj", "{7F7F201D-7BB9-4B01-A175-64824849CD63}"
EndProject
Project("{FAE04EC0-301F-11D3-BF4B-00C04F79EFBC}") = "RabbitMq", "Infrastructure\RabbitMq\RabbitMq.csproj", "{8DCDCCF5-BD4F-4404-85CA-652056B644DF}"
EndProject
Project("{FAE04EC0-301F-11D3-BF4B-00C04F79EFBC}") = "Redis", "Infrastructure\Redis\Redis.csproj", "{F2A6778B-FB80-4309-888A-50BC9F87E597}"
EndProject
Project("{FAE04EC0-301F-11D3-BF4B-00C04F79EFBC}") = "Security", "Infrastructure\Security\Security.csproj", "{DCBFE993-5B20-4BA6-9E64-6944A59D8213}"
EndProject
Project("{FAE04EC0-301F-11D3-BF4B-00C04F79EFBC}") = "Analytics.Api", "Services\Analytics\Analytics.Api\Analytics.Api.csproj", "{44A05250-9776-497E-B919-7830607E58CB}"
EndProject
Project("{FAE04EC0-301F-11D3-BF4B-00C04F79EFBC}") = "Analytics.Application", "Services\Analytics\Analytics.Application\Analytics.Application.csproj", "{2710837E-52D3-4F52-A7AB-4B52188F981C}"
EndProject
Project("{FAE04EC0-301F-11D3-BF4B-00C04F79EFBC}") = "Main.Api", "Services\Main\Main.Api\Main.Api.csproj", "{27BBBC03-1E4D-43E5-AF48-9C1D3744909F}"
EndProject
Project("{FAE04EC0-301F-11D3-BF4B-00C04F79EFBC}") = "Main.Application", "Services\Main\Main.Application\Main.Application.csproj", "{5E171041-B465-488C-9ED9-02214039CC2A}"
EndProject
Global
	GlobalSection(SolutionConfigurationPlatforms) = preSolution
		Debug|Any CPU = Debug|Any CPU
		Release|Any CPU = Release|Any CPU
	EndGlobalSection
	GlobalSection(ProjectConfigurationPlatforms) = postSolution
		{2B183898-5CCF-4751-A5F5-40533AF5E88B}.Debug|Any CPU.ActiveCfg = Debug|Any CPU
		{2B183898-5CCF-4751-A5F5-40533AF5E88B}.Debug|Any CPU.Build.0 = Debug|Any CPU
		{2B183898-5CCF-4751-A5F5-40533AF5E88B}.Release|Any CPU.ActiveCfg = Release|Any CPU
		{2B183898-5CCF-4751-A5F5-40533AF5E88B}.Release|Any CPU.Build.0 = Release|Any CPU
		{380CB914-3B71-46A0-B14F-FF936A7FCF16}.Debug|Any CPU.ActiveCfg = Debug|Any CPU
		{380CB914-3B71-46A0-B14F-FF936A7FCF16}.Debug|Any CPU.Build.0 = Debug|Any CPU
		{380CB914-3B71-46A0-B14F-FF936A7FCF16}.Release|Any CPU.ActiveCfg = Release|Any CPU
		{380CB914-3B71-46A0-B14F-FF936A7FCF16}.Release|Any CPU.Build.0 = Release|Any CPU
		{C5418DE7-F8BD-4427-A931-BB723B508E9C}.Debug|Any CPU.ActiveCfg = Debug|Any CPU
		{C5418DE7-F8BD-4427-A931-BB723B508E9C}.Debug|Any CPU.Build.0 = Debug|Any CPU
		{C5418DE7-F8BD-4427-A931-BB723B508E9C}.Release|Any CPU.ActiveCfg = Release|Any CPU
		{C5418DE7-F8BD-4427-A931-BB723B508E9C}.Release|Any CPU.Build.0 = Release|Any CPU
		{FBDFE057-321E-409C-920E-D397A5C5620C}.Debug|Any CPU.ActiveCfg = Debug|Any CPU
		{FBDFE057-321E-409C-920E-D397A5C5620C}.Debug|Any CPU.Build.0 = Debug|Any CPU
		{FBDFE057-321E-409C-920E-D397A5C5620C}.Release|Any CPU.ActiveCfg = Release|Any CPU
		{FBDFE057-321E-409C-920E-D397A5C5620C}.Release|Any CPU.Build.0 = Release|Any CPU
		{1287DC30-8384-4893-9404-99BF91D44C77}.Debug|Any CPU.ActiveCfg = Debug|Any CPU
		{1287DC30-8384-4893-9404-99BF91D44C77}.Debug|Any CPU.Build.0 = Debug|Any CPU
		{1287DC30-8384-4893-9404-99BF91D44C77}.Release|Any CPU.ActiveCfg = Release|Any CPU
		{1287DC30-8384-4893-9404-99BF91D44C77}.Release|Any CPU.Build.0 = Release|Any CPU
		{0C292C8F-BEEB-4432-8B69-7C371D9D9807}.Debug|Any CPU.ActiveCfg = Debug|Any CPU
		{0C292C8F-BEEB-4432-8B69-7C371D9D9807}.Debug|Any CPU.Build.0 = Debug|Any CPU
		{0C292C8F-BEEB-4432-8B69-7C371D9D9807}.Release|Any CPU.ActiveCfg = Release|Any CPU
		{0C292C8F-BEEB-4432-8B69-7C371D9D9807}.Release|Any CPU.Build.0 = Release|Any CPU
		{437EFAB9-8B12-42E1-9D0B-8FEE6F5029ED}.Debug|Any CPU.ActiveCfg = Debug|Any CPU
		{437EFAB9-8B12-42E1-9D0B-8FEE6F5029ED}.Debug|Any CPU.Build.0 = Debug|Any CPU
		{437EFAB9-8B12-42E1-9D0B-8FEE6F5029ED}.Release|Any CPU.ActiveCfg = Release|Any CPU
		{437EFAB9-8B12-42E1-9D0B-8FEE6F5029ED}.Release|Any CPU.Build.0 = Release|Any CPU
		{21256B94-6760-48DC-A1D0-E3B538AF7712}.Debug|Any CPU.ActiveCfg = Debug|Any CPU
		{21256B94-6760-48DC-A1D0-E3B538AF7712}.Debug|Any CPU.Build.0 = Debug|Any CPU
		{21256B94-6760-48DC-A1D0-E3B538AF7712}.Release|Any CPU.ActiveCfg = Release|Any CPU
		{21256B94-6760-48DC-A1D0-E3B538AF7712}.Release|Any CPU.Build.0 = Release|Any CPU
		{7F7F201D-7BB9-4B01-A175-64824849CD63}.Debug|Any CPU.ActiveCfg = Debug|Any CPU
		{7F7F201D-7BB9-4B01-A175-64824849CD63}.Debug|Any CPU.Build.0 = Debug|Any CPU
		{7F7F201D-7BB9-4B01-A175-64824849CD63}.Release|Any CPU.ActiveCfg = Release|Any CPU
		{7F7F201D-7BB9-4B01-A175-64824849CD63}.Release|Any CPU.Build.0 = Release|Any CPU
		{8DCDCCF5-BD4F-4404-85CA-652056B644DF}.Debug|Any CPU.ActiveCfg = Debug|Any CPU
		{8DCDCCF5-BD4F-4404-85CA-652056B644DF}.Debug|Any CPU.Build.0 = Debug|Any CPU
		{8DCDCCF5-BD4F-4404-85CA-652056B644DF}.Release|Any CPU.ActiveCfg = Release|Any CPU
		{8DCDCCF5-BD4F-4404-85CA-652056B644DF}.Release|Any CPU.Build.0 = Release|Any CPU
		{F2A6778B-FB80-4309-888A-50BC9F87E597}.Debug|Any CPU.ActiveCfg = Debug|Any CPU
		{F2A6778B-FB80-4309-888A-50BC9F87E597}.Debug|Any CPU.Build.0 = Debug|Any CPU
		{F2A6778B-FB80-4309-888A-50BC9F87E597}.Release|Any CPU.ActiveCfg = Release|Any CPU
		{F2A6778B-FB80-4309-888A-50BC9F87E597}.Release|Any CPU.Build.0 = Release|Any CPU
		{DCBFE993-5B20-4BA6-9E64-6944A59D8213}.Debug|Any CPU.ActiveCfg = Debug|Any CPU
		{DCBFE993-5B20-4BA6-9E64-6944A59D8213}.Debug|Any CPU.Build.0 = Debug|Any CPU
		{DCBFE993-5B20-4BA6-9E64-6944A59D8213}.Release|Any CPU.ActiveCfg = Release|Any CPU
		{DCBFE993-5B20-4BA6-9E64-6944A59D8213}.Release|Any CPU.Build.0 = Release|Any CPU
		{44A05250-9776-497E-B919-7830607E58CB}.Debug|Any CPU.ActiveCfg = Debug|Any CPU
		{44A05250-9776-497E-B919-7830607E58CB}.Debug|Any CPU.Build.0 = Debug|Any CPU
		{44A05250-9776-497E-B919-7830607E58CB}.Release|Any CPU.ActiveCfg = Release|Any CPU
		{44A05250-9776-497E-B919-7830607E58CB}.Release|Any CPU.Build.0 = Release|Any CPU
		{2710837E-52D3-4F52-A7AB-4B52188F981C}.Debug|Any CPU.ActiveCfg = Debug|Any CPU
		{2710837E-52D3-4F52-A7AB-4B52188F981C}.Debug|Any CPU.Build.0 = Debug|Any CPU
		{2710837E-52D3-4F52-A7AB-4B52188F981C}.Release|Any CPU.ActiveCfg = Release|Any CPU
		{2710837E-52D3-4F52-A7AB-4B52188F981C}.Release|Any CPU.Build.0 = Release|Any CPU
		{27BBBC03-1E4D-43E5-AF48-9C1D3744909F}.Debug|Any CPU.ActiveCfg = Debug|Any CPU
		{27BBBC03-1E4D-43E5-AF48-9C1D3744909F}.Debug|Any CPU.Build.0 = Debug|Any CPU
		{27BBBC03-1E4D-43E5-AF48-9C1D3744909F}.Release|Any CPU.ActiveCfg = Release|Any CPU
		{27BBBC03-1E4D-43E5-AF48-9C1D3744909F}.Release|Any CPU.Build.0 = Release|Any CPU
		{5E171041-B465-488C-9ED9-02214039CC2A}.Debug|Any CPU.ActiveCfg = Debug|Any CPU
		{5E171041-B465-488C-9ED9-02214039CC2A}.Debug|Any CPU.Build.0 = Debug|Any CPU
		{5E171041-B465-488C-9ED9-02214039CC2A}.Release|Any CPU.ActiveCfg = Release|Any CPU
		{5E171041-B465-488C-9ED9-02214039CC2A}.Release|Any CPU.Build.0 = Release|Any CPU
	EndGlobalSection
	GlobalSection(NestedProjects) = preSolution
		{2B183898-5CCF-4751-A5F5-40533AF5E88B} = {DDCFCB24-23D0-4E13-BF17-790BD086B7F2}
		{C5111875-1112-406F-B3D1-EC119DBB23F6} = {3FC16924-68A6-4CDA-9961-0B0F589E671E}
		{06BE88A9-99AA-4C93-8775-B459345D8C67} = {3FC16924-68A6-4CDA-9961-0B0F589E671E}
		{1287DC30-8384-4893-9404-99BF91D44C77} = {DDCFCB24-23D0-4E13-BF17-790BD086B7F2}
		{0C292C8F-BEEB-4432-8B69-7C371D9D9807} = {F3A52BAB-BDFB-432B-940B-9CFBD752DA8E}
		{437EFAB9-8B12-42E1-9D0B-8FEE6F5029ED} = {F3A52BAB-BDFB-432B-940B-9CFBD752DA8E}
		{21256B94-6760-48DC-A1D0-E3B538AF7712} = {F3A52BAB-BDFB-432B-940B-9CFBD752DA8E}
		{7F7F201D-7BB9-4B01-A175-64824849CD63} = {F3A52BAB-BDFB-432B-940B-9CFBD752DA8E}
		{8DCDCCF5-BD4F-4404-85CA-652056B644DF} = {F3A52BAB-BDFB-432B-940B-9CFBD752DA8E}
		{F2A6778B-FB80-4309-888A-50BC9F87E597} = {F3A52BAB-BDFB-432B-940B-9CFBD752DA8E}
		{DCBFE993-5B20-4BA6-9E64-6944A59D8213} = {F3A52BAB-BDFB-432B-940B-9CFBD752DA8E}
		{C5418DE7-F8BD-4427-A931-BB723B508E9C} = {3FC16924-68A6-4CDA-9961-0B0F589E671E}
		{FBDFE057-321E-409C-920E-D397A5C5620C} = {3FC16924-68A6-4CDA-9961-0B0F589E671E}
		{44A05250-9776-497E-B919-7830607E58CB} = {06BE88A9-99AA-4C93-8775-B459345D8C67}
		{2710837E-52D3-4F52-A7AB-4B52188F981C} = {06BE88A9-99AA-4C93-8775-B459345D8C67}
		{27BBBC03-1E4D-43E5-AF48-9C1D3744909F} = {C5111875-1112-406F-B3D1-EC119DBB23F6}
		{5E171041-B465-488C-9ED9-02214039CC2A} = {C5111875-1112-406F-B3D1-EC119DBB23F6}
	EndGlobalSection
EndGlobal
