
Microsoft Visual Studio Solution File, Format Version 12.00
Project("{FAE04EC0-301F-11D3-BF4B-00C04F79EFBC}") = "Main.Api", "Main.Api\Main.Api.csproj", "{AE60E608-C5D3-477F-AADF-506E86814124}"
EndProject
Project("{2150E333-8FDC-42A3-9474-1A3956D46DE8}") = "Core", "Core", "{DDCFCB24-23D0-4E13-BF17-790BD086B7F2}"
EndProject
Project("{FAE04EC0-301F-11D3-BF4B-00C04F79EFBC}") = "Core", "Core\Core\Core.csproj", "{2B183898-5CCF-4751-A5F5-40533AF5E88B}"
EndProject
Project("{FAE04EC0-301F-11D3-BF4B-00C04F79EFBC}") = "Tests", "Tests\Tests.csproj", "{380CB914-3B71-46A0-B14F-FF936A7FCF16}"
EndProject
Project("{2150E333-8FDC-42A3-9474-1A3956D46DE8}") = "Infrastructure", "Infrastructure", "{F3A52BAB-BDFB-432B-940B-9CFBD752DA8E}"
EndProject
Project("{FAE04EC0-301F-11D3-BF4B-00C04F79EFBC}") = "Persistence", "Persistence\Persistence.csproj", "{7BBB5D3E-7C5C-47C8-8273-A21283E14BF0}"
EndProject
Project("{FAE04EC0-301F-11D3-BF4B-00C04F79EFBC}") = "Redis", "Redis\Redis.csproj", "{048B04A3-A3B4-4A5B-85BB-B5DE24C56F3B}"
EndProject
Project("{FAE04EC0-301F-11D3-BF4B-00C04F79EFBC}") = "RabbitMq", "RabbitMq\RabbitMq.csproj", "{537CC685-2DC6-4E0B-A06C-35736B2BB0B6}"
EndProject
Project("{FAE04EC0-301F-11D3-BF4B-00C04F79EFBC}") = "Main.Application", "Main.Application\Main.Application.csproj", "{1853A895-EE2A-434C-A64D-7B80BDCCDB24}"
EndProject
Project("{FAE04EC0-301F-11D3-BF4B-00C04F79EFBC}") = "Common", "Common\Common.csproj", "{84BF9591-B9E0-47FC-95EB-37A867BD1FF6}"
EndProject
Project("{FAE04EC0-301F-11D3-BF4B-00C04F79EFBC}") = "Mail", "Mail\Mail.csproj", "{169A29D5-C428-47C8-B803-28DFE8E9A6D4}"
EndProject
Project("{FAE04EC0-301F-11D3-BF4B-00C04F79EFBC}") = "Integrations", "Integrations\Integrations.csproj", "{0BED1818-ADE8-4D81-9EB4-CA2327951112}"
EndProject
Project("{FAE04EC0-301F-11D3-BF4B-00C04F79EFBC}") = "Security", "Security\Security.csproj", "{DA7074FF-B5B3-41CE-AA14-997C5AB5E548}"
EndProject
Project("{FAE04EC0-301F-11D3-BF4B-00C04F79EFBC}") = "Api.Common", "Api.Common\Api.Common.csproj", "{E51BE3E5-F96B-4EB1-A31E-A72EB476A2A2}"
EndProject
Project("{FAE04EC0-301F-11D3-BF4B-00C04F79EFBC}") = "Exceptions", "Exceptions\Exceptions.csproj", "{39656DA8-3ADC-4DEF-A69E-5E5654523E0D}"
EndProject
Project("{2150E333-8FDC-42A3-9474-1A3956D46DE8}") = "Api", "Api", "{3FC16924-68A6-4CDA-9961-0B0F589E671E}"
EndProject
Project("{2150E333-8FDC-42A3-9474-1A3956D46DE8}") = "Main", "Main", "{C5111875-1112-406F-B3D1-EC119DBB23F6}"
EndProject
Project("{2150E333-8FDC-42A3-9474-1A3956D46DE8}") = "Analytics", "Analytics", "{06BE88A9-99AA-4C93-8775-B459345D8C67}"
EndProject
Project("{FAE04EC0-301F-11D3-BF4B-00C04F79EFBC}") = "Analytics.Api", "Analytics.Api\Analytics.Api.csproj", "{91D527B5-0FEA-46C9-86A1-B1492353D102}"
EndProject
Project("{2150E333-8FDC-42A3-9474-1A3956D46DE8}") = "Solution Items", "Solution Items", "{120B2DB5-CC15-4A96-B757-B401B556F366}"
	ProjectSection(SolutionItems) = preProject
		compose.yaml = compose.yaml
	EndProjectSection
EndProject
Project("{FAE04EC0-301F-11D3-BF4B-00C04F79EFBC}") = "Analytics.Application", "Analytics.Application\Analytics.Application.csproj", "{87298310-A0C6-4C87-96AF-40A0F3B7FFE3}"
EndProject
Project("{FAE04EC0-301F-11D3-BF4B-00C04F79EFBC}") = "Application.Common", "Application.Common\Application.Common.csproj", "{C589ADC1-AE70-4AD6-BAB7-CA8BF241F68E}"
EndProject
Global
	GlobalSection(SolutionConfigurationPlatforms) = preSolution
		Debug|Any CPU = Debug|Any CPU
		Release|Any CPU = Release|Any CPU
	EndGlobalSection
	GlobalSection(ProjectConfigurationPlatforms) = postSolution
		{AE60E608-C5D3-477F-AADF-506E86814124}.Debug|Any CPU.ActiveCfg = Debug|Any CPU
		{AE60E608-C5D3-477F-AADF-506E86814124}.Debug|Any CPU.Build.0 = Debug|Any CPU
		{AE60E608-C5D3-477F-AADF-506E86814124}.Release|Any CPU.ActiveCfg = Release|Any CPU
		{AE60E608-C5D3-477F-AADF-506E86814124}.Release|Any CPU.Build.0 = Release|Any CPU
		{2B183898-5CCF-4751-A5F5-40533AF5E88B}.Debug|Any CPU.ActiveCfg = Debug|Any CPU
		{2B183898-5CCF-4751-A5F5-40533AF5E88B}.Debug|Any CPU.Build.0 = Debug|Any CPU
		{2B183898-5CCF-4751-A5F5-40533AF5E88B}.Release|Any CPU.ActiveCfg = Release|Any CPU
		{2B183898-5CCF-4751-A5F5-40533AF5E88B}.Release|Any CPU.Build.0 = Release|Any CPU
		{380CB914-3B71-46A0-B14F-FF936A7FCF16}.Debug|Any CPU.ActiveCfg = Debug|Any CPU
		{380CB914-3B71-46A0-B14F-FF936A7FCF16}.Debug|Any CPU.Build.0 = Debug|Any CPU
		{380CB914-3B71-46A0-B14F-FF936A7FCF16}.Release|Any CPU.ActiveCfg = Release|Any CPU
		{380CB914-3B71-46A0-B14F-FF936A7FCF16}.Release|Any CPU.Build.0 = Release|Any CPU
		{7BBB5D3E-7C5C-47C8-8273-A21283E14BF0}.Debug|Any CPU.ActiveCfg = Debug|Any CPU
		{7BBB5D3E-7C5C-47C8-8273-A21283E14BF0}.Debug|Any CPU.Build.0 = Debug|Any CPU
		{7BBB5D3E-7C5C-47C8-8273-A21283E14BF0}.Release|Any CPU.ActiveCfg = Release|Any CPU
		{7BBB5D3E-7C5C-47C8-8273-A21283E14BF0}.Release|Any CPU.Build.0 = Release|Any CPU
		{048B04A3-A3B4-4A5B-85BB-B5DE24C56F3B}.Debug|Any CPU.ActiveCfg = Debug|Any CPU
		{048B04A3-A3B4-4A5B-85BB-B5DE24C56F3B}.Debug|Any CPU.Build.0 = Debug|Any CPU
		{048B04A3-A3B4-4A5B-85BB-B5DE24C56F3B}.Release|Any CPU.ActiveCfg = Release|Any CPU
		{048B04A3-A3B4-4A5B-85BB-B5DE24C56F3B}.Release|Any CPU.Build.0 = Release|Any CPU
		{537CC685-2DC6-4E0B-A06C-35736B2BB0B6}.Debug|Any CPU.ActiveCfg = Debug|Any CPU
		{537CC685-2DC6-4E0B-A06C-35736B2BB0B6}.Debug|Any CPU.Build.0 = Debug|Any CPU
		{537CC685-2DC6-4E0B-A06C-35736B2BB0B6}.Release|Any CPU.ActiveCfg = Release|Any CPU
		{537CC685-2DC6-4E0B-A06C-35736B2BB0B6}.Release|Any CPU.Build.0 = Release|Any CPU
		{1853A895-EE2A-434C-A64D-7B80BDCCDB24}.Debug|Any CPU.ActiveCfg = Debug|Any CPU
		{1853A895-EE2A-434C-A64D-7B80BDCCDB24}.Debug|Any CPU.Build.0 = Debug|Any CPU
		{1853A895-EE2A-434C-A64D-7B80BDCCDB24}.Release|Any CPU.ActiveCfg = Release|Any CPU
		{1853A895-EE2A-434C-A64D-7B80BDCCDB24}.Release|Any CPU.Build.0 = Release|Any CPU
		{84BF9591-B9E0-47FC-95EB-37A867BD1FF6}.Debug|Any CPU.ActiveCfg = Debug|Any CPU
		{84BF9591-B9E0-47FC-95EB-37A867BD1FF6}.Debug|Any CPU.Build.0 = Debug|Any CPU
		{84BF9591-B9E0-47FC-95EB-37A867BD1FF6}.Release|Any CPU.ActiveCfg = Release|Any CPU
		{84BF9591-B9E0-47FC-95EB-37A867BD1FF6}.Release|Any CPU.Build.0 = Release|Any CPU
		{169A29D5-C428-47C8-B803-28DFE8E9A6D4}.Debug|Any CPU.ActiveCfg = Debug|Any CPU
		{169A29D5-C428-47C8-B803-28DFE8E9A6D4}.Debug|Any CPU.Build.0 = Debug|Any CPU
		{169A29D5-C428-47C8-B803-28DFE8E9A6D4}.Release|Any CPU.ActiveCfg = Release|Any CPU
		{169A29D5-C428-47C8-B803-28DFE8E9A6D4}.Release|Any CPU.Build.0 = Release|Any CPU
		{0BED1818-ADE8-4D81-9EB4-CA2327951112}.Debug|Any CPU.ActiveCfg = Debug|Any CPU
		{0BED1818-ADE8-4D81-9EB4-CA2327951112}.Debug|Any CPU.Build.0 = Debug|Any CPU
		{0BED1818-ADE8-4D81-9EB4-CA2327951112}.Release|Any CPU.ActiveCfg = Release|Any CPU
		{0BED1818-ADE8-4D81-9EB4-CA2327951112}.Release|Any CPU.Build.0 = Release|Any CPU
		{DA7074FF-B5B3-41CE-AA14-997C5AB5E548}.Debug|Any CPU.ActiveCfg = Debug|Any CPU
		{DA7074FF-B5B3-41CE-AA14-997C5AB5E548}.Debug|Any CPU.Build.0 = Debug|Any CPU
		{DA7074FF-B5B3-41CE-AA14-997C5AB5E548}.Release|Any CPU.ActiveCfg = Release|Any CPU
		{DA7074FF-B5B3-41CE-AA14-997C5AB5E548}.Release|Any CPU.Build.0 = Release|Any CPU
		{E51BE3E5-F96B-4EB1-A31E-A72EB476A2A2}.Debug|Any CPU.ActiveCfg = Debug|Any CPU
		{E51BE3E5-F96B-4EB1-A31E-A72EB476A2A2}.Debug|Any CPU.Build.0 = Debug|Any CPU
		{E51BE3E5-F96B-4EB1-A31E-A72EB476A2A2}.Release|Any CPU.ActiveCfg = Release|Any CPU
		{E51BE3E5-F96B-4EB1-A31E-A72EB476A2A2}.Release|Any CPU.Build.0 = Release|Any CPU
		{39656DA8-3ADC-4DEF-A69E-5E5654523E0D}.Debug|Any CPU.ActiveCfg = Debug|Any CPU
		{39656DA8-3ADC-4DEF-A69E-5E5654523E0D}.Debug|Any CPU.Build.0 = Debug|Any CPU
		{39656DA8-3ADC-4DEF-A69E-5E5654523E0D}.Release|Any CPU.ActiveCfg = Release|Any CPU
		{39656DA8-3ADC-4DEF-A69E-5E5654523E0D}.Release|Any CPU.Build.0 = Release|Any CPU
		{91D527B5-0FEA-46C9-86A1-B1492353D102}.Debug|Any CPU.ActiveCfg = Debug|Any CPU
		{91D527B5-0FEA-46C9-86A1-B1492353D102}.Debug|Any CPU.Build.0 = Debug|Any CPU
		{91D527B5-0FEA-46C9-86A1-B1492353D102}.Release|Any CPU.ActiveCfg = Release|Any CPU
		{91D527B5-0FEA-46C9-86A1-B1492353D102}.Release|Any CPU.Build.0 = Release|Any CPU
		{87298310-A0C6-4C87-96AF-40A0F3B7FFE3}.Debug|Any CPU.ActiveCfg = Debug|Any CPU
		{87298310-A0C6-4C87-96AF-40A0F3B7FFE3}.Debug|Any CPU.Build.0 = Debug|Any CPU
		{87298310-A0C6-4C87-96AF-40A0F3B7FFE3}.Release|Any CPU.ActiveCfg = Release|Any CPU
		{87298310-A0C6-4C87-96AF-40A0F3B7FFE3}.Release|Any CPU.Build.0 = Release|Any CPU
		{C589ADC1-AE70-4AD6-BAB7-CA8BF241F68E}.Debug|Any CPU.ActiveCfg = Debug|Any CPU
		{C589ADC1-AE70-4AD6-BAB7-CA8BF241F68E}.Debug|Any CPU.Build.0 = Debug|Any CPU
		{C589ADC1-AE70-4AD6-BAB7-CA8BF241F68E}.Release|Any CPU.ActiveCfg = Release|Any CPU
		{C589ADC1-AE70-4AD6-BAB7-CA8BF241F68E}.Release|Any CPU.Build.0 = Release|Any CPU
	EndGlobalSection
	GlobalSection(NestedProjects) = preSolution
		{2B183898-5CCF-4751-A5F5-40533AF5E88B} = {DDCFCB24-23D0-4E13-BF17-790BD086B7F2}
		{7BBB5D3E-7C5C-47C8-8273-A21283E14BF0} = {F3A52BAB-BDFB-432B-940B-9CFBD752DA8E}
		{048B04A3-A3B4-4A5B-85BB-B5DE24C56F3B} = {F3A52BAB-BDFB-432B-940B-9CFBD752DA8E}
		{537CC685-2DC6-4E0B-A06C-35736B2BB0B6} = {F3A52BAB-BDFB-432B-940B-9CFBD752DA8E}
		{84BF9591-B9E0-47FC-95EB-37A867BD1FF6} = {F3A52BAB-BDFB-432B-940B-9CFBD752DA8E}
		{169A29D5-C428-47C8-B803-28DFE8E9A6D4} = {F3A52BAB-BDFB-432B-940B-9CFBD752DA8E}
		{0BED1818-ADE8-4D81-9EB4-CA2327951112} = {F3A52BAB-BDFB-432B-940B-9CFBD752DA8E}
		{DA7074FF-B5B3-41CE-AA14-997C5AB5E548} = {F3A52BAB-BDFB-432B-940B-9CFBD752DA8E}
		{39656DA8-3ADC-4DEF-A69E-5E5654523E0D} = {DDCFCB24-23D0-4E13-BF17-790BD086B7F2}
		{C5111875-1112-406F-B3D1-EC119DBB23F6} = {3FC16924-68A6-4CDA-9961-0B0F589E671E}
		{1853A895-EE2A-434C-A64D-7B80BDCCDB24} = {C5111875-1112-406F-B3D1-EC119DBB23F6}
		{AE60E608-C5D3-477F-AADF-506E86814124} = {C5111875-1112-406F-B3D1-EC119DBB23F6}
		{E51BE3E5-F96B-4EB1-A31E-A72EB476A2A2} = {3FC16924-68A6-4CDA-9961-0B0F589E671E}
		{06BE88A9-99AA-4C93-8775-B459345D8C67} = {3FC16924-68A6-4CDA-9961-0B0F589E671E}
		{91D527B5-0FEA-46C9-86A1-B1492353D102} = {06BE88A9-99AA-4C93-8775-B459345D8C67}
		{87298310-A0C6-4C87-96AF-40A0F3B7FFE3} = {06BE88A9-99AA-4C93-8775-B459345D8C67}
		{C589ADC1-AE70-4AD6-BAB7-CA8BF241F68E} = {3FC16924-68A6-4CDA-9961-0B0F589E671E}
	EndGlobalSection
EndGlobal
