
Microsoft Visual Studio Solution File, Format Version 12.00
Project("{2150E333-8FDC-42A3-9474-1A3956D46DE8}") = "Core", "Core", "{DDCFCB24-23D0-4E13-BF17-790BD086B7F2}"
EndProject
Project("{2150E333-8FDC-42A3-9474-1A3956D46DE8}") = "Infrastructure", "Infrastructure", "{F3A52BAB-BDFB-432B-940B-9CFBD752DA8E}"
EndProject
Project("{2150E333-8FDC-42A3-9474-1A3956D46DE8}") = "Services", "Services", "{3FC16924-68A6-4CDA-9961-0B0F589E671E}"
EndProject
Project("{2150E333-8FDC-42A3-9474-1A3956D46DE8}") = "Main", "Main", "{C5111875-1112-406F-B3D1-EC119DBB23F6}"
EndProject
Project("{2150E333-8FDC-42A3-9474-1A3956D46DE8}") = "Analytics", "Analytics", "{06BE88A9-99AA-4C93-8775-B459345D8C67}"
EndProject
Project("{2150E333-8FDC-42A3-9474-1A3956D46DE8}") = "Solution Items", "Solution Items", "{120B2DB5-CC15-4A96-B757-B401B556F366}"
	ProjectSection(SolutionItems) = preProject
		compose.yaml = compose.yaml
		README.md = README.md
		dev.env = dev.env
		prometheus.yml = prometheus.yml
	EndProjectSection
EndProject
Project("{FAE04EC0-301F-11D3-BF4B-00C04F79EFBC}") = "Exceptions", "src\Core\Exceptions\Exceptions.csproj", "{8DE22E82-4967-4E60-AEF2-3078296DEA86}"
EndProject
Project("{FAE04EC0-301F-11D3-BF4B-00C04F79EFBC}") = "Common", "src\Infrastructure\Common\Common.csproj", "{FD91CF56-9E8B-4D02-8B80-47B8CD23DD76}"
EndProject
Project("{FAE04EC0-301F-11D3-BF4B-00C04F79EFBC}") = "Mail", "src\Infrastructure\Mail\Mail.csproj", "{5F6F2B31-DA28-488A-9ADA-5ED724F93FCE}"
EndProject
Project("{FAE04EC0-301F-11D3-BF4B-00C04F79EFBC}") = "RabbitMq", "src\Infrastructure\RabbitMq\RabbitMq.csproj", "{6AA65667-6972-4400-B94E-5346EA11FB7C}"
EndProject
Project("{FAE04EC0-301F-11D3-BF4B-00C04F79EFBC}") = "Redis", "src\Infrastructure\Redis\Redis.csproj", "{219FB796-4BE2-40E9-BA96-BD1B980FC1F7}"
EndProject
Project("{FAE04EC0-301F-11D3-BF4B-00C04F79EFBC}") = "Security", "src\Infrastructure\Security\Security.csproj", "{C18FAE22-15D6-4328-9405-846674B12EAC}"
EndProject
Project("{FAE04EC0-301F-11D3-BF4B-00C04F79EFBC}") = "Analytics.Api", "src\Services\Analytics\Analytics.Api\Analytics.Api.csproj", "{EFDB8BBA-7E9A-4224-8175-83D6806B0C62}"
EndProject
Project("{FAE04EC0-301F-11D3-BF4B-00C04F79EFBC}") = "Analytics.Application", "src\Services\Analytics\Analytics.Application\Analytics.Application.csproj", "{E6F2312F-7027-4D31-BDE0-A3A58FA2F437}"
EndProject
Project("{FAE04EC0-301F-11D3-BF4B-00C04F79EFBC}") = "Api.Common", "src\Services\Api.Common\Api.Common.csproj", "{09CF2826-0FC2-4A2B-A1CA-205F28E7DC84}"
EndProject
Project("{FAE04EC0-301F-11D3-BF4B-00C04F79EFBC}") = "Application.Common", "src\Services\Application.Common\Application.Common.csproj", "{D6599AB6-AC04-4242-869F-E69230761234}"
EndProject
Project("{FAE04EC0-301F-11D3-BF4B-00C04F79EFBC}") = "Main.Api", "src\Services\Main\Main.Api\Main.Api.csproj", "{ADE5FE0F-D3A8-42B0-9D92-DF2BBD1111E4}"
EndProject
Project("{FAE04EC0-301F-11D3-BF4B-00C04F79EFBC}") = "Main.Application", "src\Services\Main\Main.Application\Main.Application.csproj", "{BE270741-B937-4DE7-8D84-324F3634E3C2}"
EndProject
Project("{FAE04EC0-301F-11D3-BF4B-00C04F79EFBC}") = "Main.Tests", "src\Services\Main\Main.Tests\Main.Tests.csproj", "{0C1276EC-9873-40EE-AAA2-DFCF8102674E}"
EndProject
Project("{2150E333-8FDC-42A3-9474-1A3956D46DE8}") = "Common", "Common", "{6AB27EBE-09E6-43AB-A0A5-563F1E9FE71C}"
EndProject
Project("{FAE04EC0-301F-11D3-BF4B-00C04F79EFBC}") = "Persistence", "src\Infrastructure\Persistence\Persistence.csproj", "{66424803-BA67-4BC0-A07F-8E269FF0D463}"
EndProject
Project("{FAE04EC0-301F-11D3-BF4B-00C04F79EFBC}") = "Contracts", "src\Core\Contracts\Contracts.csproj", "{8A23B101-0646-4AE6-B877-1F3568A96B83}"
EndProject
Project("{FAE04EC0-301F-11D3-BF4B-00C04F79EFBC}") = "Main.Persistence", "src\Services\Main\Main.Persistence\Main.Persistence.csproj", "{76375382-076E-44A3-B661-DB7747F6D270}"
EndProject
Project("{FAE04EC0-301F-11D3-BF4B-00C04F79EFBC}") = "Analytics.Persistence", "src\Services\Analytics\Analytics.Persistence\Analytics.Persistence.csproj", "{C8FBBF8C-A124-43DD-93D6-4B2F6C985CA1}"
EndProject
Project("{FAE04EC0-301F-11D3-BF4B-00C04F79EFBC}") = "Analytics.Core", "src\Services\Analytics\Analytics.Core\Analytics.Core.csproj", "{FCA557FF-2A54-4F32-864A-80E49DF2FFD1}"
EndProject
Project("{2150E333-8FDC-42A3-9474-1A3956D46DE8}") = "Gateway", "Gateway", "{F30E5BD3-B762-43AC-A8BC-0F945AABEBBD}"
EndProject
Project("{FAE04EC0-301F-11D3-BF4B-00C04F79EFBC}") = "Gateway", "src\Services\Gateway\Gateway\Gateway.csproj", "{D554A85E-E27C-4B07-B794-E58D95DB2B0C}"
EndProject
Project("{FAE04EC0-301F-11D3-BF4B-00C04F79EFBC}") = "S3", "src\Infrastructure\S3\S3.csproj", "{43E30BCC-F1D1-41E5-B097-0B3C6C386EB9}"
EndProject
Project("{FAE04EC0-301F-11D3-BF4B-00C04F79EFBC}") = "Main.Entities", "src\Services\Main\Main.Entities\Main.Entities.csproj", "{7177AC04-125B-4ECE-B8EB-DC9513FC6B64}"
EndProject
Project("{FAE04EC0-301F-11D3-BF4B-00C04F79EFBC}") = "Main.Abstractions", "src\Services\Main\Main.Abstractions\Main.Abstractions.csproj", "{0DE8B5D0-1E69-4135-8171-8DBD1398E4F3}"
EndProject
Project("{FAE04EC0-301F-11D3-BF4B-00C04F79EFBC}") = "Main.Enums", "src\Services\Main\Main.Enums\Main.Enums.csproj", "{6F42A703-2547-4964-B41E-905C7AD1E8C9}"
EndProject
Project("{FAE04EC0-301F-11D3-BF4B-00C04F79EFBC}") = "Main.Cache", "src\Services\Main\Main.Cache\Main.Cache.csproj", "{CE5A2010-79A9-409C-9FEC-62751FB3C518}"
EndProject
Project("{2150E333-8FDC-42A3-9474-1A3956D46DE8}") = "Pricing", "Pricing", "{C8FF014C-29EF-4526-9E12-4BDF0985CBAA}"
EndProject
Project("{FAE04EC0-301F-11D3-BF4B-00C04F79EFBC}") = "Pricing.Application", "src\Services\Pricing\Pricing.Application\Pricing.Application.csproj", "{5E628A8D-009D-4E5C-8609-8480BAB7BD91}"
EndProject
Project("{FAE04EC0-301F-11D3-BF4B-00C04F79EFBC}") = "Pricing.Cache", "src\Services\Pricing\Pricing.Cache\Pricing.Cache.csproj", "{6D04EEDF-E032-4302-B2B2-C90FAB9F164F}"
EndProject
Project("{FAE04EC0-301F-11D3-BF4B-00C04F79EFBC}") = "Pricing.Abstractions", "src\Services\Pricing\Pricing.Abstractions\Pricing.Abstractions.csproj", "{40C16DE1-5D83-46CD-BAE3-D3D0D064E5D5}"
EndProject
Project("{FAE04EC0-301F-11D3-BF4B-00C04F79EFBC}") = "Pricing.Entities", "src\Services\Pricing\Pricing.Entities\Pricing.Entities.csproj", "{3EEE399D-28EF-4D59-BFED-F19643BA8FDD}"
EndProject
Project("{FAE04EC0-301F-11D3-BF4B-00C04F79EFBC}") = "Pricing.Persistence", "src\Services\Pricing\Pricing.Persistence\Pricing.Persistence.csproj", "{D6CE5832-FDC4-48B2-9DA5-4F0516DF4762}"
EndProject
Project("{FAE04EC0-301F-11D3-BF4B-00C04F79EFBC}") = "Pricing.Api", "src\Services\Pricing\Pricing.Api\Pricing.Api.csproj", "{EBA0B7DC-0876-4CFF-A25E-14E4CC8476C7}"
EndProject
Project("{FAE04EC0-301F-11D3-BF4B-00C04F79EFBC}") = "Pricing.Enums", "src\Services\Pricing\Pricing.Enums\Pricing.Enums.csproj", "{8DB993F5-DB0D-496F-BA1E-F54939ED8534}"
EndProject
Project("{FAE04EC0-301F-11D3-BF4B-00C04F79EFBC}") = "Abstractions", "src\Core\Abstractions\Abstractions.csproj", "{9ECD3A83-AF7E-4DC5-A142-8EFECC137797}"
EndProject
Project("{FAE04EC0-301F-11D3-BF4B-00C04F79EFBC}") = "Attributes", "src\Core\Attributes\Attributes.csproj", "{5B8984B2-F730-41B5-B648-801FBA8C6089}"
EndProject
Project("{FAE04EC0-301F-11D3-BF4B-00C04F79EFBC}") = "Enums", "src\Core\Enums\Enums.csproj", "{39A178A3-D79D-43F7-8537-10D8E04F4888}"
EndProject
Project("{FAE04EC0-301F-11D3-BF4B-00C04F79EFBC}") = "Constants", "src\Core\Constants\Constants.csproj", "{DA5D09E2-5644-4725-99C9-632C7EEF33DA}"
EndProject
Project("{FAE04EC0-301F-11D3-BF4B-00C04F79EFBC}") = "Utils", "src\Core\Utils\Utils.csproj", "{A076F47C-88BF-476E-956A-0D0019B28651}"
EndProject
Project("{FAE04EC0-301F-11D3-BF4B-00C04F79EFBC}") = "Extensions", "src\Core\Extensions\Extensions.csproj", "{F9C6FA19-EEAE-4734-8529-296B75BC8CCA}"
EndProject
Project("{2150E333-8FDC-42A3-9474-1A3956D46DE8}") = "Integrations", "Integrations", "{3B382C5C-A126-4CE1-BC27-C79F368E771A}"
EndProject
Project("{FAE04EC0-301F-11D3-BF4B-00C04F79EFBC}") = "ExchangeRate", "src\Infrastructure\Integrations\ExchangeRate\ExchangeRate.csproj", "{E7C99B52-E467-4C53-A1C2-335F6109764A}"
EndProject
Project("{2150E333-8FDC-42A3-9474-1A3956D46DE8}") = "Search", "Search", "{8A48FEBE-0E1A-462F-8A35-4F5B0AE34177}"
EndProject
Project("{FAE04EC0-301F-11D3-BF4B-00C04F79EFBC}") = "Search.Application", "src\Services\Search\Search.Application\Search.Application.csproj", "{700A4644-1A2E-4972-813E-A128437786BA}"
EndProject
Project("{FAE04EC0-301F-11D3-BF4B-00C04F79EFBC}") = "Search.Persistence", "src\Services\Search\Search.Persistence\Search.Persistence.csproj", "{0E7D4003-7927-47BF-A527-3E9059500F95}"
EndProject
Project("{FAE04EC0-301F-11D3-BF4B-00C04F79EFBC}") = "Search.Abstractions", "src\Services\Search\Search.Abstractions\Search.Abstractions.csproj", "{26B70B0A-6835-41C6-8D90-DEE13BDD261C}"
EndProject
Project("{FAE04EC0-301F-11D3-BF4B-00C04F79EFBC}") = "Search.Entities", "src\Services\Search\Search.Entities\Search.Entities.csproj", "{4E8C54D8-41A5-4F9E-8404-ECCDC4CC024A}"
EndProject
Project("{FAE04EC0-301F-11D3-BF4B-00C04F79EFBC}") = "Search.Enums", "src\Services\Search\Search.Enums\Search.Enums.csproj", "{DC5B90EE-4823-42A2-8F4F-2755AA3CB5A5}"
EndProject
Project("{FAE04EC0-301F-11D3-BF4B-00C04F79EFBC}") = "Search.Api", "Search.Api\Search.Api.csproj", "{8B7CFFB7-5C24-401C-8DFE-821856AC40F0}"
EndProject
Project("{FAE04EC0-301F-11D3-BF4B-00C04F79EFBC}") = "Application.Common.Aot", "src\Services\Application.Common.Aot\Application.Common.Aot.csproj", "{7F849D76-4F22-41F1-A250-ACABBB871BFC}"
EndProject
Global
	GlobalSection(SolutionConfigurationPlatforms) = preSolution
		Debug|Any CPU = Debug|Any CPU
		Release|Any CPU = Release|Any CPU
	EndGlobalSection
	GlobalSection(ProjectConfigurationPlatforms) = postSolution
		{8DE22E82-4967-4E60-AEF2-3078296DEA86}.Debug|Any CPU.ActiveCfg = Debug|Any CPU
		{8DE22E82-4967-4E60-AEF2-3078296DEA86}.Debug|Any CPU.Build.0 = Debug|Any CPU
		{8DE22E82-4967-4E60-AEF2-3078296DEA86}.Release|Any CPU.ActiveCfg = Release|Any CPU
		{8DE22E82-4967-4E60-AEF2-3078296DEA86}.Release|Any CPU.Build.0 = Release|Any CPU
		{FD91CF56-9E8B-4D02-8B80-47B8CD23DD76}.Debug|Any CPU.ActiveCfg = Debug|Any CPU
		{FD91CF56-9E8B-4D02-8B80-47B8CD23DD76}.Debug|Any CPU.Build.0 = Debug|Any CPU
		{FD91CF56-9E8B-4D02-8B80-47B8CD23DD76}.Release|Any CPU.ActiveCfg = Release|Any CPU
		{FD91CF56-9E8B-4D02-8B80-47B8CD23DD76}.Release|Any CPU.Build.0 = Release|Any CPU
		{5F6F2B31-DA28-488A-9ADA-5ED724F93FCE}.Debug|Any CPU.ActiveCfg = Debug|Any CPU
		{5F6F2B31-DA28-488A-9ADA-5ED724F93FCE}.Debug|Any CPU.Build.0 = Debug|Any CPU
		{5F6F2B31-DA28-488A-9ADA-5ED724F93FCE}.Release|Any CPU.ActiveCfg = Release|Any CPU
		{5F6F2B31-DA28-488A-9ADA-5ED724F93FCE}.Release|Any CPU.Build.0 = Release|Any CPU
		{6AA65667-6972-4400-B94E-5346EA11FB7C}.Debug|Any CPU.ActiveCfg = Debug|Any CPU
		{6AA65667-6972-4400-B94E-5346EA11FB7C}.Debug|Any CPU.Build.0 = Debug|Any CPU
		{6AA65667-6972-4400-B94E-5346EA11FB7C}.Release|Any CPU.ActiveCfg = Release|Any CPU
		{6AA65667-6972-4400-B94E-5346EA11FB7C}.Release|Any CPU.Build.0 = Release|Any CPU
		{219FB796-4BE2-40E9-BA96-BD1B980FC1F7}.Debug|Any CPU.ActiveCfg = Debug|Any CPU
		{219FB796-4BE2-40E9-BA96-BD1B980FC1F7}.Debug|Any CPU.Build.0 = Debug|Any CPU
		{219FB796-4BE2-40E9-BA96-BD1B980FC1F7}.Release|Any CPU.ActiveCfg = Release|Any CPU
		{219FB796-4BE2-40E9-BA96-BD1B980FC1F7}.Release|Any CPU.Build.0 = Release|Any CPU
		{C18FAE22-15D6-4328-9405-846674B12EAC}.Debug|Any CPU.ActiveCfg = Debug|Any CPU
		{C18FAE22-15D6-4328-9405-846674B12EAC}.Debug|Any CPU.Build.0 = Debug|Any CPU
		{C18FAE22-15D6-4328-9405-846674B12EAC}.Release|Any CPU.ActiveCfg = Release|Any CPU
		{C18FAE22-15D6-4328-9405-846674B12EAC}.Release|Any CPU.Build.0 = Release|Any CPU
		{EFDB8BBA-7E9A-4224-8175-83D6806B0C62}.Debug|Any CPU.ActiveCfg = Debug|Any CPU
		{EFDB8BBA-7E9A-4224-8175-83D6806B0C62}.Debug|Any CPU.Build.0 = Debug|Any CPU
		{EFDB8BBA-7E9A-4224-8175-83D6806B0C62}.Release|Any CPU.ActiveCfg = Release|Any CPU
		{EFDB8BBA-7E9A-4224-8175-83D6806B0C62}.Release|Any CPU.Build.0 = Release|Any CPU
		{E6F2312F-7027-4D31-BDE0-A3A58FA2F437}.Debug|Any CPU.ActiveCfg = Debug|Any CPU
		{E6F2312F-7027-4D31-BDE0-A3A58FA2F437}.Debug|Any CPU.Build.0 = Debug|Any CPU
		{E6F2312F-7027-4D31-BDE0-A3A58FA2F437}.Release|Any CPU.ActiveCfg = Release|Any CPU
		{E6F2312F-7027-4D31-BDE0-A3A58FA2F437}.Release|Any CPU.Build.0 = Release|Any CPU
		{09CF2826-0FC2-4A2B-A1CA-205F28E7DC84}.Debug|Any CPU.ActiveCfg = Debug|Any CPU
		{09CF2826-0FC2-4A2B-A1CA-205F28E7DC84}.Debug|Any CPU.Build.0 = Debug|Any CPU
		{09CF2826-0FC2-4A2B-A1CA-205F28E7DC84}.Release|Any CPU.ActiveCfg = Release|Any CPU
		{09CF2826-0FC2-4A2B-A1CA-205F28E7DC84}.Release|Any CPU.Build.0 = Release|Any CPU
		{D6599AB6-AC04-4242-869F-E69230761234}.Debug|Any CPU.ActiveCfg = Debug|Any CPU
		{D6599AB6-AC04-4242-869F-E69230761234}.Debug|Any CPU.Build.0 = Debug|Any CPU
		{D6599AB6-AC04-4242-869F-E69230761234}.Release|Any CPU.ActiveCfg = Release|Any CPU
		{D6599AB6-AC04-4242-869F-E69230761234}.Release|Any CPU.Build.0 = Release|Any CPU
		{ADE5FE0F-D3A8-42B0-9D92-DF2BBD1111E4}.Debug|Any CPU.ActiveCfg = Debug|Any CPU
		{ADE5FE0F-D3A8-42B0-9D92-DF2BBD1111E4}.Debug|Any CPU.Build.0 = Debug|Any CPU
		{ADE5FE0F-D3A8-42B0-9D92-DF2BBD1111E4}.Release|Any CPU.ActiveCfg = Release|Any CPU
		{ADE5FE0F-D3A8-42B0-9D92-DF2BBD1111E4}.Release|Any CPU.Build.0 = Release|Any CPU
		{BE270741-B937-4DE7-8D84-324F3634E3C2}.Debug|Any CPU.ActiveCfg = Debug|Any CPU
		{BE270741-B937-4DE7-8D84-324F3634E3C2}.Debug|Any CPU.Build.0 = Debug|Any CPU
		{BE270741-B937-4DE7-8D84-324F3634E3C2}.Release|Any CPU.ActiveCfg = Release|Any CPU
		{BE270741-B937-4DE7-8D84-324F3634E3C2}.Release|Any CPU.Build.0 = Release|Any CPU
		{0C1276EC-9873-40EE-AAA2-DFCF8102674E}.Debug|Any CPU.ActiveCfg = Debug|Any CPU
		{0C1276EC-9873-40EE-AAA2-DFCF8102674E}.Debug|Any CPU.Build.0 = Debug|Any CPU
		{0C1276EC-9873-40EE-AAA2-DFCF8102674E}.Release|Any CPU.ActiveCfg = Release|Any CPU
		{0C1276EC-9873-40EE-AAA2-DFCF8102674E}.Release|Any CPU.Build.0 = Release|Any CPU
		{66424803-BA67-4BC0-A07F-8E269FF0D463}.Debug|Any CPU.ActiveCfg = Debug|Any CPU
		{66424803-BA67-4BC0-A07F-8E269FF0D463}.Debug|Any CPU.Build.0 = Debug|Any CPU
		{66424803-BA67-4BC0-A07F-8E269FF0D463}.Release|Any CPU.ActiveCfg = Release|Any CPU
		{66424803-BA67-4BC0-A07F-8E269FF0D463}.Release|Any CPU.Build.0 = Release|Any CPU
		{8A23B101-0646-4AE6-B877-1F3568A96B83}.Debug|Any CPU.ActiveCfg = Debug|Any CPU
		{8A23B101-0646-4AE6-B877-1F3568A96B83}.Debug|Any CPU.Build.0 = Debug|Any CPU
		{8A23B101-0646-4AE6-B877-1F3568A96B83}.Release|Any CPU.ActiveCfg = Release|Any CPU
		{8A23B101-0646-4AE6-B877-1F3568A96B83}.Release|Any CPU.Build.0 = Release|Any CPU
		{76375382-076E-44A3-B661-DB7747F6D270}.Debug|Any CPU.ActiveCfg = Debug|Any CPU
		{76375382-076E-44A3-B661-DB7747F6D270}.Debug|Any CPU.Build.0 = Debug|Any CPU
		{76375382-076E-44A3-B661-DB7747F6D270}.Release|Any CPU.ActiveCfg = Release|Any CPU
		{76375382-076E-44A3-B661-DB7747F6D270}.Release|Any CPU.Build.0 = Release|Any CPU
		{C8FBBF8C-A124-43DD-93D6-4B2F6C985CA1}.Debug|Any CPU.ActiveCfg = Debug|Any CPU
		{C8FBBF8C-A124-43DD-93D6-4B2F6C985CA1}.Debug|Any CPU.Build.0 = Debug|Any CPU
		{C8FBBF8C-A124-43DD-93D6-4B2F6C985CA1}.Release|Any CPU.ActiveCfg = Release|Any CPU
		{C8FBBF8C-A124-43DD-93D6-4B2F6C985CA1}.Release|Any CPU.Build.0 = Release|Any CPU
		{FCA557FF-2A54-4F32-864A-80E49DF2FFD1}.Debug|Any CPU.ActiveCfg = Debug|Any CPU
		{FCA557FF-2A54-4F32-864A-80E49DF2FFD1}.Debug|Any CPU.Build.0 = Debug|Any CPU
		{FCA557FF-2A54-4F32-864A-80E49DF2FFD1}.Release|Any CPU.ActiveCfg = Release|Any CPU
		{FCA557FF-2A54-4F32-864A-80E49DF2FFD1}.Release|Any CPU.Build.0 = Release|Any CPU
		{D554A85E-E27C-4B07-B794-E58D95DB2B0C}.Debug|Any CPU.ActiveCfg = Debug|Any CPU
		{D554A85E-E27C-4B07-B794-E58D95DB2B0C}.Debug|Any CPU.Build.0 = Debug|Any CPU
		{D554A85E-E27C-4B07-B794-E58D95DB2B0C}.Release|Any CPU.ActiveCfg = Release|Any CPU
		{D554A85E-E27C-4B07-B794-E58D95DB2B0C}.Release|Any CPU.Build.0 = Release|Any CPU
		{43E30BCC-F1D1-41E5-B097-0B3C6C386EB9}.Debug|Any CPU.ActiveCfg = Debug|Any CPU
		{43E30BCC-F1D1-41E5-B097-0B3C6C386EB9}.Debug|Any CPU.Build.0 = Debug|Any CPU
		{43E30BCC-F1D1-41E5-B097-0B3C6C386EB9}.Release|Any CPU.ActiveCfg = Release|Any CPU
		{43E30BCC-F1D1-41E5-B097-0B3C6C386EB9}.Release|Any CPU.Build.0 = Release|Any CPU
		{7177AC04-125B-4ECE-B8EB-DC9513FC6B64}.Debug|Any CPU.ActiveCfg = Debug|Any CPU
		{7177AC04-125B-4ECE-B8EB-DC9513FC6B64}.Debug|Any CPU.Build.0 = Debug|Any CPU
		{7177AC04-125B-4ECE-B8EB-DC9513FC6B64}.Release|Any CPU.ActiveCfg = Release|Any CPU
		{7177AC04-125B-4ECE-B8EB-DC9513FC6B64}.Release|Any CPU.Build.0 = Release|Any CPU
		{0DE8B5D0-1E69-4135-8171-8DBD1398E4F3}.Debug|Any CPU.ActiveCfg = Debug|Any CPU
		{0DE8B5D0-1E69-4135-8171-8DBD1398E4F3}.Debug|Any CPU.Build.0 = Debug|Any CPU
		{0DE8B5D0-1E69-4135-8171-8DBD1398E4F3}.Release|Any CPU.ActiveCfg = Release|Any CPU
		{0DE8B5D0-1E69-4135-8171-8DBD1398E4F3}.Release|Any CPU.Build.0 = Release|Any CPU
		{6F42A703-2547-4964-B41E-905C7AD1E8C9}.Debug|Any CPU.ActiveCfg = Debug|Any CPU
		{6F42A703-2547-4964-B41E-905C7AD1E8C9}.Debug|Any CPU.Build.0 = Debug|Any CPU
		{6F42A703-2547-4964-B41E-905C7AD1E8C9}.Release|Any CPU.ActiveCfg = Release|Any CPU
		{6F42A703-2547-4964-B41E-905C7AD1E8C9}.Release|Any CPU.Build.0 = Release|Any CPU
		{CE5A2010-79A9-409C-9FEC-62751FB3C518}.Debug|Any CPU.ActiveCfg = Debug|Any CPU
		{CE5A2010-79A9-409C-9FEC-62751FB3C518}.Debug|Any CPU.Build.0 = Debug|Any CPU
		{CE5A2010-79A9-409C-9FEC-62751FB3C518}.Release|Any CPU.ActiveCfg = Release|Any CPU
		{CE5A2010-79A9-409C-9FEC-62751FB3C518}.Release|Any CPU.Build.0 = Release|Any CPU
		{5E628A8D-009D-4E5C-8609-8480BAB7BD91}.Debug|Any CPU.ActiveCfg = Debug|Any CPU
		{5E628A8D-009D-4E5C-8609-8480BAB7BD91}.Debug|Any CPU.Build.0 = Debug|Any CPU
		{5E628A8D-009D-4E5C-8609-8480BAB7BD91}.Release|Any CPU.ActiveCfg = Release|Any CPU
		{5E628A8D-009D-4E5C-8609-8480BAB7BD91}.Release|Any CPU.Build.0 = Release|Any CPU
		{6D04EEDF-E032-4302-B2B2-C90FAB9F164F}.Debug|Any CPU.ActiveCfg = Debug|Any CPU
		{6D04EEDF-E032-4302-B2B2-C90FAB9F164F}.Debug|Any CPU.Build.0 = Debug|Any CPU
		{6D04EEDF-E032-4302-B2B2-C90FAB9F164F}.Release|Any CPU.ActiveCfg = Release|Any CPU
		{6D04EEDF-E032-4302-B2B2-C90FAB9F164F}.Release|Any CPU.Build.0 = Release|Any CPU
		{40C16DE1-5D83-46CD-BAE3-D3D0D064E5D5}.Debug|Any CPU.ActiveCfg = Debug|Any CPU
		{40C16DE1-5D83-46CD-BAE3-D3D0D064E5D5}.Debug|Any CPU.Build.0 = Debug|Any CPU
		{40C16DE1-5D83-46CD-BAE3-D3D0D064E5D5}.Release|Any CPU.ActiveCfg = Release|Any CPU
		{40C16DE1-5D83-46CD-BAE3-D3D0D064E5D5}.Release|Any CPU.Build.0 = Release|Any CPU
		{3EEE399D-28EF-4D59-BFED-F19643BA8FDD}.Debug|Any CPU.ActiveCfg = Debug|Any CPU
		{3EEE399D-28EF-4D59-BFED-F19643BA8FDD}.Debug|Any CPU.Build.0 = Debug|Any CPU
		{3EEE399D-28EF-4D59-BFED-F19643BA8FDD}.Release|Any CPU.ActiveCfg = Release|Any CPU
		{3EEE399D-28EF-4D59-BFED-F19643BA8FDD}.Release|Any CPU.Build.0 = Release|Any CPU
		{D6CE5832-FDC4-48B2-9DA5-4F0516DF4762}.Debug|Any CPU.ActiveCfg = Debug|Any CPU
		{D6CE5832-FDC4-48B2-9DA5-4F0516DF4762}.Debug|Any CPU.Build.0 = Debug|Any CPU
		{D6CE5832-FDC4-48B2-9DA5-4F0516DF4762}.Release|Any CPU.ActiveCfg = Release|Any CPU
		{D6CE5832-FDC4-48B2-9DA5-4F0516DF4762}.Release|Any CPU.Build.0 = Release|Any CPU
		{EBA0B7DC-0876-4CFF-A25E-14E4CC8476C7}.Debug|Any CPU.ActiveCfg = Debug|Any CPU
		{EBA0B7DC-0876-4CFF-A25E-14E4CC8476C7}.Debug|Any CPU.Build.0 = Debug|Any CPU
		{EBA0B7DC-0876-4CFF-A25E-14E4CC8476C7}.Release|Any CPU.ActiveCfg = Release|Any CPU
		{EBA0B7DC-0876-4CFF-A25E-14E4CC8476C7}.Release|Any CPU.Build.0 = Release|Any CPU
		{8DB993F5-DB0D-496F-BA1E-F54939ED8534}.Debug|Any CPU.ActiveCfg = Debug|Any CPU
		{8DB993F5-DB0D-496F-BA1E-F54939ED8534}.Debug|Any CPU.Build.0 = Debug|Any CPU
		{8DB993F5-DB0D-496F-BA1E-F54939ED8534}.Release|Any CPU.ActiveCfg = Release|Any CPU
		{8DB993F5-DB0D-496F-BA1E-F54939ED8534}.Release|Any CPU.Build.0 = Release|Any CPU
		{9ECD3A83-AF7E-4DC5-A142-8EFECC137797}.Debug|Any CPU.ActiveCfg = Debug|Any CPU
		{9ECD3A83-AF7E-4DC5-A142-8EFECC137797}.Debug|Any CPU.Build.0 = Debug|Any CPU
		{9ECD3A83-AF7E-4DC5-A142-8EFECC137797}.Release|Any CPU.ActiveCfg = Release|Any CPU
		{9ECD3A83-AF7E-4DC5-A142-8EFECC137797}.Release|Any CPU.Build.0 = Release|Any CPU
		{5B8984B2-F730-41B5-B648-801FBA8C6089}.Debug|Any CPU.ActiveCfg = Debug|Any CPU
		{5B8984B2-F730-41B5-B648-801FBA8C6089}.Debug|Any CPU.Build.0 = Debug|Any CPU
		{5B8984B2-F730-41B5-B648-801FBA8C6089}.Release|Any CPU.ActiveCfg = Release|Any CPU
		{5B8984B2-F730-41B5-B648-801FBA8C6089}.Release|Any CPU.Build.0 = Release|Any CPU
		{39A178A3-D79D-43F7-8537-10D8E04F4888}.Debug|Any CPU.ActiveCfg = Debug|Any CPU
		{39A178A3-D79D-43F7-8537-10D8E04F4888}.Debug|Any CPU.Build.0 = Debug|Any CPU
		{39A178A3-D79D-43F7-8537-10D8E04F4888}.Release|Any CPU.ActiveCfg = Release|Any CPU
		{39A178A3-D79D-43F7-8537-10D8E04F4888}.Release|Any CPU.Build.0 = Release|Any CPU
		{DA5D09E2-5644-4725-99C9-632C7EEF33DA}.Debug|Any CPU.ActiveCfg = Debug|Any CPU
		{DA5D09E2-5644-4725-99C9-632C7EEF33DA}.Debug|Any CPU.Build.0 = Debug|Any CPU
		{DA5D09E2-5644-4725-99C9-632C7EEF33DA}.Release|Any CPU.ActiveCfg = Release|Any CPU
		{DA5D09E2-5644-4725-99C9-632C7EEF33DA}.Release|Any CPU.Build.0 = Release|Any CPU
		{A076F47C-88BF-476E-956A-0D0019B28651}.Debug|Any CPU.ActiveCfg = Debug|Any CPU
		{A076F47C-88BF-476E-956A-0D0019B28651}.Debug|Any CPU.Build.0 = Debug|Any CPU
		{A076F47C-88BF-476E-956A-0D0019B28651}.Release|Any CPU.ActiveCfg = Release|Any CPU
		{A076F47C-88BF-476E-956A-0D0019B28651}.Release|Any CPU.Build.0 = Release|Any CPU
		{F9C6FA19-EEAE-4734-8529-296B75BC8CCA}.Debug|Any CPU.ActiveCfg = Debug|Any CPU
		{F9C6FA19-EEAE-4734-8529-296B75BC8CCA}.Debug|Any CPU.Build.0 = Debug|Any CPU
		{F9C6FA19-EEAE-4734-8529-296B75BC8CCA}.Release|Any CPU.ActiveCfg = Release|Any CPU
		{F9C6FA19-EEAE-4734-8529-296B75BC8CCA}.Release|Any CPU.Build.0 = Release|Any CPU
		{E7C99B52-E467-4C53-A1C2-335F6109764A}.Debug|Any CPU.ActiveCfg = Debug|Any CPU
		{E7C99B52-E467-4C53-A1C2-335F6109764A}.Debug|Any CPU.Build.0 = Debug|Any CPU
		{E7C99B52-E467-4C53-A1C2-335F6109764A}.Release|Any CPU.ActiveCfg = Release|Any CPU
		{E7C99B52-E467-4C53-A1C2-335F6109764A}.Release|Any CPU.Build.0 = Release|Any CPU
		{700A4644-1A2E-4972-813E-A128437786BA}.Debug|Any CPU.ActiveCfg = Debug|Any CPU
		{700A4644-1A2E-4972-813E-A128437786BA}.Debug|Any CPU.Build.0 = Debug|Any CPU
		{700A4644-1A2E-4972-813E-A128437786BA}.Release|Any CPU.ActiveCfg = Release|Any CPU
		{700A4644-1A2E-4972-813E-A128437786BA}.Release|Any CPU.Build.0 = Release|Any CPU
		{0E7D4003-7927-47BF-A527-3E9059500F95}.Debug|Any CPU.ActiveCfg = Debug|Any CPU
		{0E7D4003-7927-47BF-A527-3E9059500F95}.Debug|Any CPU.Build.0 = Debug|Any CPU
		{0E7D4003-7927-47BF-A527-3E9059500F95}.Release|Any CPU.ActiveCfg = Release|Any CPU
		{0E7D4003-7927-47BF-A527-3E9059500F95}.Release|Any CPU.Build.0 = Release|Any CPU
		{26B70B0A-6835-41C6-8D90-DEE13BDD261C}.Debug|Any CPU.ActiveCfg = Debug|Any CPU
		{26B70B0A-6835-41C6-8D90-DEE13BDD261C}.Debug|Any CPU.Build.0 = Debug|Any CPU
		{26B70B0A-6835-41C6-8D90-DEE13BDD261C}.Release|Any CPU.ActiveCfg = Release|Any CPU
		{26B70B0A-6835-41C6-8D90-DEE13BDD261C}.Release|Any CPU.Build.0 = Release|Any CPU
		{4E8C54D8-41A5-4F9E-8404-ECCDC4CC024A}.Debug|Any CPU.ActiveCfg = Debug|Any CPU
		{4E8C54D8-41A5-4F9E-8404-ECCDC4CC024A}.Debug|Any CPU.Build.0 = Debug|Any CPU
		{4E8C54D8-41A5-4F9E-8404-ECCDC4CC024A}.Release|Any CPU.ActiveCfg = Release|Any CPU
		{4E8C54D8-41A5-4F9E-8404-ECCDC4CC024A}.Release|Any CPU.Build.0 = Release|Any CPU
		{DC5B90EE-4823-42A2-8F4F-2755AA3CB5A5}.Debug|Any CPU.ActiveCfg = Debug|Any CPU
		{DC5B90EE-4823-42A2-8F4F-2755AA3CB5A5}.Debug|Any CPU.Build.0 = Debug|Any CPU
		{DC5B90EE-4823-42A2-8F4F-2755AA3CB5A5}.Release|Any CPU.ActiveCfg = Release|Any CPU
		{DC5B90EE-4823-42A2-8F4F-2755AA3CB5A5}.Release|Any CPU.Build.0 = Release|Any CPU
		{8B7CFFB7-5C24-401C-8DFE-821856AC40F0}.Debug|Any CPU.ActiveCfg = Debug|Any CPU
		{8B7CFFB7-5C24-401C-8DFE-821856AC40F0}.Debug|Any CPU.Build.0 = Debug|Any CPU
		{8B7CFFB7-5C24-401C-8DFE-821856AC40F0}.Release|Any CPU.ActiveCfg = Release|Any CPU
		{8B7CFFB7-5C24-401C-8DFE-821856AC40F0}.Release|Any CPU.Build.0 = Release|Any CPU
		{7F849D76-4F22-41F1-A250-ACABBB871BFC}.Debug|Any CPU.ActiveCfg = Debug|Any CPU
		{7F849D76-4F22-41F1-A250-ACABBB871BFC}.Debug|Any CPU.Build.0 = Debug|Any CPU
		{7F849D76-4F22-41F1-A250-ACABBB871BFC}.Release|Any CPU.ActiveCfg = Release|Any CPU
		{7F849D76-4F22-41F1-A250-ACABBB871BFC}.Release|Any CPU.Build.0 = Release|Any CPU
	EndGlobalSection
	GlobalSection(NestedProjects) = preSolution
		{C5111875-1112-406F-B3D1-EC119DBB23F6} = {3FC16924-68A6-4CDA-9961-0B0F589E671E}
		{06BE88A9-99AA-4C93-8775-B459345D8C67} = {3FC16924-68A6-4CDA-9961-0B0F589E671E}
		{8DE22E82-4967-4E60-AEF2-3078296DEA86} = {DDCFCB24-23D0-4E13-BF17-790BD086B7F2}
		{FD91CF56-9E8B-4D02-8B80-47B8CD23DD76} = {F3A52BAB-BDFB-432B-940B-9CFBD752DA8E}
		{5F6F2B31-DA28-488A-9ADA-5ED724F93FCE} = {F3A52BAB-BDFB-432B-940B-9CFBD752DA8E}
		{6AA65667-6972-4400-B94E-5346EA11FB7C} = {F3A52BAB-BDFB-432B-940B-9CFBD752DA8E}
		{219FB796-4BE2-40E9-BA96-BD1B980FC1F7} = {F3A52BAB-BDFB-432B-940B-9CFBD752DA8E}
		{C18FAE22-15D6-4328-9405-846674B12EAC} = {F3A52BAB-BDFB-432B-940B-9CFBD752DA8E}
		{EFDB8BBA-7E9A-4224-8175-83D6806B0C62} = {06BE88A9-99AA-4C93-8775-B459345D8C67}
		{E6F2312F-7027-4D31-BDE0-A3A58FA2F437} = {06BE88A9-99AA-4C93-8775-B459345D8C67}
		{ADE5FE0F-D3A8-42B0-9D92-DF2BBD1111E4} = {C5111875-1112-406F-B3D1-EC119DBB23F6}
		{BE270741-B937-4DE7-8D84-324F3634E3C2} = {C5111875-1112-406F-B3D1-EC119DBB23F6}
		{0C1276EC-9873-40EE-AAA2-DFCF8102674E} = {C5111875-1112-406F-B3D1-EC119DBB23F6}
		{6AB27EBE-09E6-43AB-A0A5-563F1E9FE71C} = {3FC16924-68A6-4CDA-9961-0B0F589E671E}
		{09CF2826-0FC2-4A2B-A1CA-205F28E7DC84} = {6AB27EBE-09E6-43AB-A0A5-563F1E9FE71C}
		{D6599AB6-AC04-4242-869F-E69230761234} = {6AB27EBE-09E6-43AB-A0A5-563F1E9FE71C}
		{66424803-BA67-4BC0-A07F-8E269FF0D463} = {F3A52BAB-BDFB-432B-940B-9CFBD752DA8E}
		{8A23B101-0646-4AE6-B877-1F3568A96B83} = {DDCFCB24-23D0-4E13-BF17-790BD086B7F2}
		{76375382-076E-44A3-B661-DB7747F6D270} = {C5111875-1112-406F-B3D1-EC119DBB23F6}
		{C8FBBF8C-A124-43DD-93D6-4B2F6C985CA1} = {06BE88A9-99AA-4C93-8775-B459345D8C67}
		{FCA557FF-2A54-4F32-864A-80E49DF2FFD1} = {06BE88A9-99AA-4C93-8775-B459345D8C67}
		{F30E5BD3-B762-43AC-A8BC-0F945AABEBBD} = {3FC16924-68A6-4CDA-9961-0B0F589E671E}
		{D554A85E-E27C-4B07-B794-E58D95DB2B0C} = {F30E5BD3-B762-43AC-A8BC-0F945AABEBBD}
		{43E30BCC-F1D1-41E5-B097-0B3C6C386EB9} = {F3A52BAB-BDFB-432B-940B-9CFBD752DA8E}
		{7177AC04-125B-4ECE-B8EB-DC9513FC6B64} = {C5111875-1112-406F-B3D1-EC119DBB23F6}
		{0DE8B5D0-1E69-4135-8171-8DBD1398E4F3} = {C5111875-1112-406F-B3D1-EC119DBB23F6}
		{6F42A703-2547-4964-B41E-905C7AD1E8C9} = {C5111875-1112-406F-B3D1-EC119DBB23F6}
		{CE5A2010-79A9-409C-9FEC-62751FB3C518} = {C5111875-1112-406F-B3D1-EC119DBB23F6}
		{C8FF014C-29EF-4526-9E12-4BDF0985CBAA} = {3FC16924-68A6-4CDA-9961-0B0F589E671E}
		{5E628A8D-009D-4E5C-8609-8480BAB7BD91} = {C8FF014C-29EF-4526-9E12-4BDF0985CBAA}
		{6D04EEDF-E032-4302-B2B2-C90FAB9F164F} = {C8FF014C-29EF-4526-9E12-4BDF0985CBAA}
		{40C16DE1-5D83-46CD-BAE3-D3D0D064E5D5} = {C8FF014C-29EF-4526-9E12-4BDF0985CBAA}
		{3EEE399D-28EF-4D59-BFED-F19643BA8FDD} = {C8FF014C-29EF-4526-9E12-4BDF0985CBAA}
		{D6CE5832-FDC4-48B2-9DA5-4F0516DF4762} = {C8FF014C-29EF-4526-9E12-4BDF0985CBAA}
		{EBA0B7DC-0876-4CFF-A25E-14E4CC8476C7} = {C8FF014C-29EF-4526-9E12-4BDF0985CBAA}
		{8DB993F5-DB0D-496F-BA1E-F54939ED8534} = {C8FF014C-29EF-4526-9E12-4BDF0985CBAA}
		{9ECD3A83-AF7E-4DC5-A142-8EFECC137797} = {DDCFCB24-23D0-4E13-BF17-790BD086B7F2}
		{5B8984B2-F730-41B5-B648-801FBA8C6089} = {DDCFCB24-23D0-4E13-BF17-790BD086B7F2}
		{39A178A3-D79D-43F7-8537-10D8E04F4888} = {DDCFCB24-23D0-4E13-BF17-790BD086B7F2}
		{DA5D09E2-5644-4725-99C9-632C7EEF33DA} = {DDCFCB24-23D0-4E13-BF17-790BD086B7F2}
		{A076F47C-88BF-476E-956A-0D0019B28651} = {DDCFCB24-23D0-4E13-BF17-790BD086B7F2}
		{F9C6FA19-EEAE-4734-8529-296B75BC8CCA} = {DDCFCB24-23D0-4E13-BF17-790BD086B7F2}
		{3B382C5C-A126-4CE1-BC27-C79F368E771A} = {F3A52BAB-BDFB-432B-940B-9CFBD752DA8E}
		{E7C99B52-E467-4C53-A1C2-335F6109764A} = {3B382C5C-A126-4CE1-BC27-C79F368E771A}
		{8A48FEBE-0E1A-462F-8A35-4F5B0AE34177} = {3FC16924-68A6-4CDA-9961-0B0F589E671E}
		{700A4644-1A2E-4972-813E-A128437786BA} = {8A48FEBE-0E1A-462F-8A35-4F5B0AE34177}
		{0E7D4003-7927-47BF-A527-3E9059500F95} = {8A48FEBE-0E1A-462F-8A35-4F5B0AE34177}
		{26B70B0A-6835-41C6-8D90-DEE13BDD261C} = {8A48FEBE-0E1A-462F-8A35-4F5B0AE34177}
		{4E8C54D8-41A5-4F9E-8404-ECCDC4CC024A} = {8A48FEBE-0E1A-462F-8A35-4F5B0AE34177}
		{DC5B90EE-4823-42A2-8F4F-2755AA3CB5A5} = {8A48FEBE-0E1A-462F-8A35-4F5B0AE34177}
		{8B7CFFB7-5C24-401C-8DFE-821856AC40F0} = {8A48FEBE-0E1A-462F-8A35-4F5B0AE34177}
		{7F849D76-4F22-41F1-A250-ACABBB871BFC} = {6AB27EBE-09E6-43AB-A0A5-563F1E9FE71C}
	EndGlobalSection
EndGlobal
